// !$*UTF8*$!
{
	archiveVersion = 1;
	classes = {
	};
	objectVersion = 51;
	objects = {

/* Begin PBXBuildFile section */
		8F401F4ED00997BF764DAFB0 /* Pods_CalendarApp.framework in Frameworks */ = {isa = PBXBuildFile; fileRef = 0C22AC36916155B1DEC01E10 /* Pods_CalendarApp.framework */; };
		F40093E325852BB800D24696 /* TrainingUnitCell.swift in Sources */ = {isa = PBXBuildFile; fileRef = F40093E125852BB800D24696 /* TrainingUnitCell.swift */; };
		F40093E425852BB800D24696 /* TrainingUnitCell.xib in Resources */ = {isa = PBXBuildFile; fileRef = F40093E225852BB800D24696 /* TrainingUnitCell.xib */; };
		F40093E6258CF1CC00D24696 /* TrainingAthlete.swift in Sources */ = {isa = PBXBuildFile; fileRef = F40093E5258CF1CB00D24696 /* TrainingAthlete.swift */; };
		F40093E9259A547000D24696 /* CoachTrainingCell.swift in Sources */ = {isa = PBXBuildFile; fileRef = F40093E7259A547000D24696 /* CoachTrainingCell.swift */; };
		F40093EA259A547100D24696 /* CoachTrainingCell.xib in Resources */ = {isa = PBXBuildFile; fileRef = F40093E8259A547000D24696 /* CoachTrainingCell.xib */; };
		F40CB1AD262987D500D97D29 /* loginscreen.png in Resources */ = {isa = PBXBuildFile; fileRef = F40CB1AC262987D500D97D29 /* loginscreen.png */; };
		F40CB1AF262988C700D97D29 /* registerscreen.png in Resources */ = {isa = PBXBuildFile; fileRef = F40CB1AE262988C600D97D29 /* registerscreen.png */; };
		F40CB1B126298A4B00D97D29 /* coachPlanScreen.png in Resources */ = {isa = PBXBuildFile; fileRef = F40CB1B026298A4B00D97D29 /* coachPlanScreen.png */; };
		F40CB1B326298ADA00D97D29 /* coachPopupWindow.png in Resources */ = {isa = PBXBuildFile; fileRef = F40CB1B226298ADA00D97D29 /* coachPopupWindow.png */; };
		F40CB1B526298AF300D97D29 /* athleteCalendar.png in Resources */ = {isa = PBXBuildFile; fileRef = F40CB1B426298AF300D97D29 /* athleteCalendar.png */; };
		F40CB1B726298B0600D97D29 /* athletePopup.png in Resources */ = {isa = PBXBuildFile; fileRef = F40CB1B626298B0600D97D29 /* athletePopup.png */; };
		F40CB1B926298B1800D97D29 /* athletePlan.png in Resources */ = {isa = PBXBuildFile; fileRef = F40CB1B826298B1800D97D29 /* athletePlan.png */; };
		F45BE7982550513500F6DB88 /* AppDelegate.swift in Sources */ = {isa = PBXBuildFile; fileRef = F45BE7972550513500F6DB88 /* AppDelegate.swift */; };
		F45BE79A2550513500F6DB88 /* SceneDelegate.swift in Sources */ = {isa = PBXBuildFile; fileRef = F45BE7992550513500F6DB88 /* SceneDelegate.swift */; };
		F45BE79F2550513500F6DB88 /* Main.storyboard in Resources */ = {isa = PBXBuildFile; fileRef = F45BE79D2550513500F6DB88 /* Main.storyboard */; };
		F45BE7A12550514300F6DB88 /* Assets.xcassets in Resources */ = {isa = PBXBuildFile; fileRef = F45BE7A02550514300F6DB88 /* Assets.xcassets */; };
		F45BE7A42550514300F6DB88 /* LaunchScreen.storyboard in Resources */ = {isa = PBXBuildFile; fileRef = F45BE7A22550514300F6DB88 /* LaunchScreen.storyboard */; };
		F45BE7AE25505E6600F6DB88 /* RegisterViewController.swift in Sources */ = {isa = PBXBuildFile; fileRef = F45BE7AD25505E6600F6DB88 /* RegisterViewController.swift */; };
		F45BE7B0255064D800F6DB88 /* GoogleService-Info.plist in Resources */ = {isa = PBXBuildFile; fileRef = F45BE7AF255064D700F6DB88 /* GoogleService-Info.plist */; };
		F48E6FAD2556CB8100104962 /* CoachPanel.storyboard in Resources */ = {isa = PBXBuildFile; fileRef = F48E6FAC2556CB8100104962 /* CoachPanel.storyboard */; };
		F48E6FB02556CE3900104962 /* AthletePanel.storyboard in Resources */ = {isa = PBXBuildFile; fileRef = F48E6FAF2556CE3900104962 /* AthletePanel.storyboard */; };
		F48E6FB2255886B900104962 /* CoachCalendarViewController.swift in Sources */ = {isa = PBXBuildFile; fileRef = F48E6FB1255886B900104962 /* CoachCalendarViewController.swift */; };
		F48E6FB4255886EC00104962 /* AthleteCalendarViewController.swift in Sources */ = {isa = PBXBuildFile; fileRef = F48E6FB3255886EC00104962 /* AthleteCalendarViewController.swift */; };
		F48E6FB62558871600104962 /* CoachProfileViewController.swift in Sources */ = {isa = PBXBuildFile; fileRef = F48E6FB52558871600104962 /* CoachProfileViewController.swift */; };
		F48E6FB82558873F00104962 /* CoachNotifViewController.swift in Sources */ = {isa = PBXBuildFile; fileRef = F48E6FB72558873F00104962 /* CoachNotifViewController.swift */; };
		F48E6FBA2558876000104962 /* AthleteNotifViewController.swift in Sources */ = {isa = PBXBuildFile; fileRef = F48E6FB92558876000104962 /* AthleteNotifViewController.swift */; };
		F48E6FBC2558877500104962 /* AthleteProfileViewController.swift in Sources */ = {isa = PBXBuildFile; fileRef = F48E6FBB2558877500104962 /* AthleteProfileViewController.swift */; };
		F48E6FC025588FAE00104962 /* Constants.swift in Sources */ = {isa = PBXBuildFile; fileRef = F48E6FBF25588FAE00104962 /* Constants.swift */; };
		F4A519DC25540CED00A2D8BB /* LoginViewController.swift in Sources */ = {isa = PBXBuildFile; fileRef = F4A519DB25540CED00A2D8BB /* LoginViewController.swift */; };
		F4EEC83325729FE0000CC73A /* Athlete.swift in Sources */ = {isa = PBXBuildFile; fileRef = F4EEC83225729FE0000CC73A /* Athlete.swift */; };
		F4EEC83525729FEF000CC73A /* Coach.swift in Sources */ = {isa = PBXBuildFile; fileRef = F4EEC83425729FEF000CC73A /* Coach.swift */; };
		F4EEC8372573E22A000CC73A /* TrainingUnit.swift in Sources */ = {isa = PBXBuildFile; fileRef = F4EEC8362573E22A000CC73A /* TrainingUnit.swift */; };
/* End PBXBuildFile section */

/* Begin PBXFileReference section */
		0C22AC36916155B1DEC01E10 /* Pods_CalendarApp.framework */ = {isa = PBXFileReference; explicitFileType = wrapper.framework; includeInIndex = 0; path = Pods_CalendarApp.framework; sourceTree = BUILT_PRODUCTS_DIR; };
		B2E1EE7AC91079551BB1C45F /* Pods-CalendarApp.debug.xcconfig */ = {isa = PBXFileReference; includeInIndex = 1; lastKnownFileType = text.xcconfig; name = "Pods-CalendarApp.debug.xcconfig"; path = "Target Support Files/Pods-CalendarApp/Pods-CalendarApp.debug.xcconfig"; sourceTree = "<group>"; };
		B5878091F148972D8CFDBB2F /* Pods-CalendarApp.release.xcconfig */ = {isa = PBXFileReference; includeInIndex = 1; lastKnownFileType = text.xcconfig; name = "Pods-CalendarApp.release.xcconfig"; path = "Target Support Files/Pods-CalendarApp/Pods-CalendarApp.release.xcconfig"; sourceTree = "<group>"; };
		F40093E125852BB800D24696 /* TrainingUnitCell.swift */ = {isa = PBXFileReference; lastKnownFileType = sourcecode.swift; path = TrainingUnitCell.swift; sourceTree = "<group>"; };
		F40093E225852BB800D24696 /* TrainingUnitCell.xib */ = {isa = PBXFileReference; lastKnownFileType = file.xib; path = TrainingUnitCell.xib; sourceTree = "<group>"; };
		F40093E5258CF1CB00D24696 /* TrainingAthlete.swift */ = {isa = PBXFileReference; lastKnownFileType = sourcecode.swift; path = TrainingAthlete.swift; sourceTree = "<group>"; };
		F40093E7259A547000D24696 /* CoachTrainingCell.swift */ = {isa = PBXFileReference; lastKnownFileType = sourcecode.swift; path = CoachTrainingCell.swift; sourceTree = "<group>"; };
		F40093E8259A547000D24696 /* CoachTrainingCell.xib */ = {isa = PBXFileReference; lastKnownFileType = file.xib; path = CoachTrainingCell.xib; sourceTree = "<group>"; };
		F40CB1AC262987D500D97D29 /* loginscreen.png */ = {isa = PBXFileReference; lastKnownFileType = image.png; path = loginscreen.png; sourceTree = "<group>"; };
		F40CB1AE262988C600D97D29 /* registerscreen.png */ = {isa = PBXFileReference; lastKnownFileType = image.png; path = registerscreen.png; sourceTree = "<group>"; };
		F40CB1B026298A4B00D97D29 /* coachPlanScreen.png */ = {isa = PBXFileReference; lastKnownFileType = image.png; path = coachPlanScreen.png; sourceTree = "<group>"; };
		F40CB1B226298ADA00D97D29 /* coachPopupWindow.png */ = {isa = PBXFileReference; lastKnownFileType = image.png; path = coachPopupWindow.png; sourceTree = "<group>"; };
		F40CB1B426298AF300D97D29 /* athleteCalendar.png */ = {isa = PBXFileReference; lastKnownFileType = image.png; path = athleteCalendar.png; sourceTree = "<group>"; };
		F40CB1B626298B0600D97D29 /* athletePopup.png */ = {isa = PBXFileReference; lastKnownFileType = image.png; path = athletePopup.png; sourceTree = "<group>"; };
		F40CB1B826298B1800D97D29 /* athletePlan.png */ = {isa = PBXFileReference; lastKnownFileType = image.png; path = athletePlan.png; sourceTree = "<group>"; };
		F45BE7942550513500F6DB88 /* CalendarApp.app */ = {isa = PBXFileReference; explicitFileType = wrapper.application; includeInIndex = 0; path = CalendarApp.app; sourceTree = BUILT_PRODUCTS_DIR; };
		F45BE7972550513500F6DB88 /* AppDelegate.swift */ = {isa = PBXFileReference; lastKnownFileType = sourcecode.swift; path = AppDelegate.swift; sourceTree = "<group>"; };
		F45BE7992550513500F6DB88 /* SceneDelegate.swift */ = {isa = PBXFileReference; lastKnownFileType = sourcecode.swift; path = SceneDelegate.swift; sourceTree = "<group>"; };
		F45BE79E2550513500F6DB88 /* Base */ = {isa = PBXFileReference; lastKnownFileType = file.storyboard; name = Base; path = Base.lproj/Main.storyboard; sourceTree = "<group>"; };
		F45BE7A02550514300F6DB88 /* Assets.xcassets */ = {isa = PBXFileReference; lastKnownFileType = folder.assetcatalog; path = Assets.xcassets; sourceTree = "<group>"; };
		F45BE7A32550514300F6DB88 /* Base */ = {isa = PBXFileReference; lastKnownFileType = file.storyboard; name = Base; path = Base.lproj/LaunchScreen.storyboard; sourceTree = "<group>"; };
		F45BE7A52550514300F6DB88 /* Info.plist */ = {isa = PBXFileReference; lastKnownFileType = text.plist.xml; path = Info.plist; sourceTree = "<group>"; };
		F45BE7AD25505E6600F6DB88 /* RegisterViewController.swift */ = {isa = PBXFileReference; lastKnownFileType = sourcecode.swift; path = RegisterViewController.swift; sourceTree = "<group>"; };
		F45BE7AF255064D700F6DB88 /* GoogleService-Info.plist */ = {isa = PBXFileReference; fileEncoding = 4; lastKnownFileType = text.plist.xml; path = "GoogleService-Info.plist"; sourceTree = "<group>"; };
		F48E6FAC2556CB8100104962 /* CoachPanel.storyboard */ = {isa = PBXFileReference; fileEncoding = 4; lastKnownFileType = file.storyboard; path = CoachPanel.storyboard; sourceTree = SOURCE_ROOT; };
		F48E6FAF2556CE3900104962 /* AthletePanel.storyboard */ = {isa = PBXFileReference; fileEncoding = 4; lastKnownFileType = file.storyboard; path = AthletePanel.storyboard; sourceTree = SOURCE_ROOT; };
		F48E6FB1255886B900104962 /* CoachCalendarViewController.swift */ = {isa = PBXFileReference; lastKnownFileType = sourcecode.swift; path = CoachCalendarViewController.swift; sourceTree = "<group>"; };
		F48E6FB3255886EC00104962 /* AthleteCalendarViewController.swift */ = {isa = PBXFileReference; lastKnownFileType = sourcecode.swift; path = AthleteCalendarViewController.swift; sourceTree = "<group>"; };
		F48E6FB52558871600104962 /* CoachProfileViewController.swift */ = {isa = PBXFileReference; lastKnownFileType = sourcecode.swift; path = CoachProfileViewController.swift; sourceTree = "<group>"; };
		F48E6FB72558873F00104962 /* CoachNotifViewController.swift */ = {isa = PBXFileReference; lastKnownFileType = sourcecode.swift; path = CoachNotifViewController.swift; sourceTree = "<group>"; };
		F48E6FB92558876000104962 /* AthleteNotifViewController.swift */ = {isa = PBXFileReference; lastKnownFileType = sourcecode.swift; path = AthleteNotifViewController.swift; sourceTree = "<group>"; };
		F48E6FBB2558877500104962 /* AthleteProfileViewController.swift */ = {isa = PBXFileReference; lastKnownFileType = sourcecode.swift; path = AthleteProfileViewController.swift; sourceTree = "<group>"; };
		F48E6FBF25588FAE00104962 /* Constants.swift */ = {isa = PBXFileReference; lastKnownFileType = sourcecode.swift; path = Constants.swift; sourceTree = "<group>"; };
		F4A519DB25540CED00A2D8BB /* LoginViewController.swift */ = {isa = PBXFileReference; lastKnownFileType = sourcecode.swift; path = LoginViewController.swift; sourceTree = "<group>"; };
		F4EEC83225729FE0000CC73A /* Athlete.swift */ = {isa = PBXFileReference; lastKnownFileType = sourcecode.swift; path = Athlete.swift; sourceTree = "<group>"; };
		F4EEC83425729FEF000CC73A /* Coach.swift */ = {isa = PBXFileReference; lastKnownFileType = sourcecode.swift; path = Coach.swift; sourceTree = "<group>"; };
		F4EEC8362573E22A000CC73A /* TrainingUnit.swift */ = {isa = PBXFileReference; lastKnownFileType = sourcecode.swift; path = TrainingUnit.swift; sourceTree = "<group>"; };
/* End PBXFileReference section */

/* Begin PBXFrameworksBuildPhase section */
		F45BE7912550513500F6DB88 /* Frameworks */ = {
			isa = PBXFrameworksBuildPhase;
			buildActionMask = 2147483647;
			files = (
				8F401F4ED00997BF764DAFB0 /* Pods_CalendarApp.framework in Frameworks */,
			);
			runOnlyForDeploymentPostprocessing = 0;
		};
/* End PBXFrameworksBuildPhase section */

/* Begin PBXGroup section */
		11EC165477E923FA6DF2EA96 /* Frameworks */ = {
			isa = PBXGroup;
			children = (
				0C22AC36916155B1DEC01E10 /* Pods_CalendarApp.framework */,
			);
			name = Frameworks;
			sourceTree = "<group>";
		};
		B8576E0FD703193E1B4A2864 /* Pods */ = {
			isa = PBXGroup;
			children = (
				B2E1EE7AC91079551BB1C45F /* Pods-CalendarApp.debug.xcconfig */,
				B5878091F148972D8CFDBB2F /* Pods-CalendarApp.release.xcconfig */,
			);
			path = Pods;
			sourceTree = "<group>";
		};
		F40093E025852B0900D24696 /* CellsView */ = {
			isa = PBXGroup;
			children = (
				F40093E225852BB800D24696 /* TrainingUnitCell.xib */,
				F40093E8259A547000D24696 /* CoachTrainingCell.xib */,
			);
			path = CellsView;
			sourceTree = "<group>";
		};
		F40CB0A725AF46EC001DE7FA /* CellsControllers */ = {
			isa = PBXGroup;
			children = (
				F40093E125852BB800D24696 /* TrainingUnitCell.swift */,
				F40093E7259A547000D24696 /* CoachTrainingCell.swift */,
			);
			path = CellsControllers;
			sourceTree = "<group>";
		};
		F40CB0A825AF472B001DE7FA /* Views */ = {
			isa = PBXGroup;
			children = (
				F45BE7AC25505E1D00F6DB88 /* Storyboards */,
				F40093E025852B0900D24696 /* CellsView */,
			);
			path = Views;
			sourceTree = "<group>";
		};
		F40CB0A925AF4772001DE7FA /* Controllers */ = {
			isa = PBXGroup;
			children = (
				F45BE7AB25505DE900F6DB88 /* ViewControllers */,
				F40CB0A725AF46EC001DE7FA /* CellsControllers */,
			);
			path = Controllers;
			sourceTree = "<group>";
		};
		F40CB1AB2629874600D97D29 /* Readme */ = {
			isa = PBXGroup;
			children = (
				F40CB1B626298B0600D97D29 /* athletePopup.png */,
				F40CB1B826298B1800D97D29 /* athletePlan.png */,
				F40CB1B426298AF300D97D29 /* athleteCalendar.png */,
				F40CB1B226298ADA00D97D29 /* coachPopupWindow.png */,
				F40CB1B026298A4B00D97D29 /* coachPlanScreen.png */,
				F40CB1AE262988C600D97D29 /* registerscreen.png */,
				F40CB1AC262987D500D97D29 /* loginscreen.png */,
			);
			path = Readme;
			sourceTree = "<group>";
		};
		F45BE78B2550513500F6DB88 = {
			isa = PBXGroup;
			children = (
				F40CB1AB2629874600D97D29 /* Readme */,
				F45BE7962550513500F6DB88 /* CalendarApp */,
				F45BE7952550513500F6DB88 /* Products */,
				B8576E0FD703193E1B4A2864 /* Pods */,
				11EC165477E923FA6DF2EA96 /* Frameworks */,
			);
			sourceTree = "<group>";
		};
		F45BE7952550513500F6DB88 /* Products */ = {
			isa = PBXGroup;
			children = (
				F45BE7942550513500F6DB88 /* CalendarApp.app */,
			);
			name = Products;
			sourceTree = "<group>";
		};
		F45BE7962550513500F6DB88 /* CalendarApp */ = {
			isa = PBXGroup;
			children = (
				F45BE7972550513500F6DB88 /* AppDelegate.swift */,
				F45BE7992550513500F6DB88 /* SceneDelegate.swift */,
				F4EEC83125729FAF000CC73A /* Models */,
				F40CB0A825AF472B001DE7FA /* Views */,
				F40CB0A925AF4772001DE7FA /* Controllers */,
				F45BE7A02550514300F6DB88 /* Assets.xcassets */,
				F45BE7A52550514300F6DB88 /* Info.plist */,
				F45BE7AF255064D700F6DB88 /* GoogleService-Info.plist */,
			);
			path = CalendarApp;
			sourceTree = "<group>";
		};
		F45BE7AB25505DE900F6DB88 /* ViewControllers */ = {
			isa = PBXGroup;
			children = (
				F45BE7AD25505E6600F6DB88 /* RegisterViewController.swift */,
				F4A519DB25540CED00A2D8BB /* LoginViewController.swift */,
				F48E6FBE2558879E00104962 /* CoachViewControllers */,
				F48E6FBD2558878000104962 /* AthleteViewControllers */,
			);
			path = ViewControllers;
			sourceTree = "<group>";
		};
		F45BE7AC25505E1D00F6DB88 /* Storyboards */ = {
			isa = PBXGroup;
			children = (
				F48E6FAF2556CE3900104962 /* AthletePanel.storyboard */,
				F48E6FAC2556CB8100104962 /* CoachPanel.storyboard */,
				F45BE79D2550513500F6DB88 /* Main.storyboard */,
				F45BE7A22550514300F6DB88 /* LaunchScreen.storyboard */,
			);
			path = Storyboards;
			sourceTree = "<group>";
		};
		F48E6FBD2558878000104962 /* AthleteViewControllers */ = {
			isa = PBXGroup;
			children = (
				F48E6FB3255886EC00104962 /* AthleteCalendarViewController.swift */,
				F48E6FB92558876000104962 /* AthleteNotifViewController.swift */,
				F48E6FBB2558877500104962 /* AthleteProfileViewController.swift */,
			);
			path = AthleteViewControllers;
			sourceTree = "<group>";
		};
		F48E6FBE2558879E00104962 /* CoachViewControllers */ = {
			isa = PBXGroup;
			children = (
				F48E6FB1255886B900104962 /* CoachCalendarViewController.swift */,
				F48E6FB52558871600104962 /* CoachProfileViewController.swift */,
				F48E6FB72558873F00104962 /* CoachNotifViewController.swift */,
			);
			path = CoachViewControllers;
			sourceTree = "<group>";
		};
		F4EEC83125729FAF000CC73A /* Models */ = {
			isa = PBXGroup;
			children = (
				F4EEC83225729FE0000CC73A /* Athlete.swift */,
				F4EEC83425729FEF000CC73A /* Coach.swift */,
				F48E6FBF25588FAE00104962 /* Constants.swift */,
				F4EEC8362573E22A000CC73A /* TrainingUnit.swift */,
				F40093E5258CF1CB00D24696 /* TrainingAthlete.swift */,
			);
			path = Models;
			sourceTree = "<group>";
		};
/* End PBXGroup section */

/* Begin PBXNativeTarget section */
		F45BE7932550513500F6DB88 /* CalendarApp */ = {
			isa = PBXNativeTarget;
			buildConfigurationList = F45BE7A82550514300F6DB88 /* Build configuration list for PBXNativeTarget "CalendarApp" */;
			buildPhases = (
				7926A270573E747F917C1E64 /* [CP] Check Pods Manifest.lock */,
				F45BE7902550513500F6DB88 /* Sources */,
				F45BE7912550513500F6DB88 /* Frameworks */,
				F45BE7922550513500F6DB88 /* Resources */,
				613B409CA255EEAE071E9176 /* [CP] Embed Pods Frameworks */,
			);
			buildRules = (
			);
			dependencies = (
			);
			name = CalendarApp;
			productName = CalendarApp;
			productReference = F45BE7942550513500F6DB88 /* CalendarApp.app */;
			productType = "com.apple.product-type.application";
		};
/* End PBXNativeTarget section */

/* Begin PBXProject section */
		F45BE78C2550513500F6DB88 /* Project object */ = {
			isa = PBXProject;
			attributes = {
				LastSwiftUpdateCheck = 1170;
				LastUpgradeCheck = 1170;
				ORGANIZATIONNAME = "Wojtek Krupowies";
				TargetAttributes = {
					F45BE7932550513500F6DB88 = {
						CreatedOnToolsVersion = 11.7;
					};
				};
			};
			buildConfigurationList = F45BE78F2550513500F6DB88 /* Build configuration list for PBXProject "CalendarApp" */;
			compatibilityVersion = "Xcode 9.3";
			developmentRegion = en;
			hasScannedForEncodings = 0;
			knownRegions = (
				en,
				Base,
			);
			mainGroup = F45BE78B2550513500F6DB88;
			productRefGroup = F45BE7952550513500F6DB88 /* Products */;
			projectDirPath = "";
			projectRoot = "";
			targets = (
				F45BE7932550513500F6DB88 /* CalendarApp */,
			);
		};
/* End PBXProject section */

/* Begin PBXResourcesBuildPhase section */
		F45BE7922550513500F6DB88 /* Resources */ = {
			isa = PBXResourcesBuildPhase;
			buildActionMask = 2147483647;
			files = (
				F40CB1B526298AF300D97D29 /* athleteCalendar.png in Resources */,
				F40093EA259A547100D24696 /* CoachTrainingCell.xib in Resources */,
				F40CB1B926298B1800D97D29 /* athletePlan.png in Resources */,
				F45BE7A42550514300F6DB88 /* LaunchScreen.storyboard in Resources */,
				F40CB1AF262988C700D97D29 /* registerscreen.png in Resources */,
				F45BE7A12550514300F6DB88 /* Assets.xcassets in Resources */,
				F40CB1B726298B0600D97D29 /* athletePopup.png in Resources */,
				F45BE7B0255064D800F6DB88 /* GoogleService-Info.plist in Resources */,
				F40CB1B126298A4B00D97D29 /* coachPlanScreen.png in Resources */,
				F48E6FAD2556CB8100104962 /* CoachPanel.storyboard in Resources */,
				F45BE79F2550513500F6DB88 /* Main.storyboard in Resources */,
				F40CB1B326298ADA00D97D29 /* coachPopupWindow.png in Resources */,
				F40093E425852BB800D24696 /* TrainingUnitCell.xib in Resources */,
				F40CB1AD262987D500D97D29 /* loginscreen.png in Resources */,
				F48E6FB02556CE3900104962 /* AthletePanel.storyboard in Resources */,
			);
			runOnlyForDeploymentPostprocessing = 0;
		};
/* End PBXResourcesBuildPhase section */

/* Begin PBXShellScriptBuildPhase section */
		613B409CA255EEAE071E9176 /* [CP] Embed Pods Frameworks */ = {
			isa = PBXShellScriptBuildPhase;
			buildActionMask = 2147483647;
			files = (
			);
			inputFileListPaths = (
				"${PODS_ROOT}/Target Support Files/Pods-CalendarApp/Pods-CalendarApp-frameworks-${CONFIGURATION}-input-files.xcfilelist",
			);
			name = "[CP] Embed Pods Frameworks";
			outputFileListPaths = (
				"${PODS_ROOT}/Target Support Files/Pods-CalendarApp/Pods-CalendarApp-frameworks-${CONFIGURATION}-output-files.xcfilelist",
			);
			runOnlyForDeploymentPostprocessing = 0;
			shellPath = /bin/sh;
			shellScript = "\"${PODS_ROOT}/Target Support Files/Pods-CalendarApp/Pods-CalendarApp-frameworks.sh\"\n";
			showEnvVarsInLog = 0;
		};
		7926A270573E747F917C1E64 /* [CP] Check Pods Manifest.lock */ = {
			isa = PBXShellScriptBuildPhase;
			buildActionMask = 2147483647;
			files = (
			);
			inputFileListPaths = (
			);
			inputPaths = (
				"${PODS_PODFILE_DIR_PATH}/Podfile.lock",
				"${PODS_ROOT}/Manifest.lock",
			);
			name = "[CP] Check Pods Manifest.lock";
			outputFileListPaths = (
			);
			outputPaths = (
				"$(DERIVED_FILE_DIR)/Pods-CalendarApp-checkManifestLockResult.txt",
			);
			runOnlyForDeploymentPostprocessing = 0;
			shellPath = /bin/sh;
			shellScript = "diff \"${PODS_PODFILE_DIR_PATH}/Podfile.lock\" \"${PODS_ROOT}/Manifest.lock\" > /dev/null\nif [ $? != 0 ] ; then\n    # print error to STDERR\n    echo \"error: The sandbox is not in sync with the Podfile.lock. Run 'pod install' or update your CocoaPods installation.\" >&2\n    exit 1\nfi\n# This output is used by Xcode 'outputs' to avoid re-running this script phase.\necho \"SUCCESS\" > \"${SCRIPT_OUTPUT_FILE_0}\"\n";
			showEnvVarsInLog = 0;
		};
/* End PBXShellScriptBuildPhase section */

/* Begin PBXSourcesBuildPhase section */
		F45BE7902550513500F6DB88 /* Sources */ = {
			isa = PBXSourcesBuildPhase;
			buildActionMask = 2147483647;
			files = (
				F48E6FBA2558876000104962 /* AthleteNotifViewController.swift in Sources */,
				F48E6FC025588FAE00104962 /* Constants.swift in Sources */,
				F45BE7982550513500F6DB88 /* AppDelegate.swift in Sources */,
				F40093E6258CF1CC00D24696 /* TrainingAthlete.swift in Sources */,
				F4EEC83525729FEF000CC73A /* Coach.swift in Sources */,
				F48E6FBC2558877500104962 /* AthleteProfileViewController.swift in Sources */,
				F45BE79A2550513500F6DB88 /* SceneDelegate.swift in Sources */,
				F40093E325852BB800D24696 /* TrainingUnitCell.swift in Sources */,
				F4A519DC25540CED00A2D8BB /* LoginViewController.swift in Sources */,
				F48E6FB62558871600104962 /* CoachProfileViewController.swift in Sources */,
				F4EEC83325729FE0000CC73A /* Athlete.swift in Sources */,
				F4EEC8372573E22A000CC73A /* TrainingUnit.swift in Sources */,
				F45BE7AE25505E6600F6DB88 /* RegisterViewController.swift in Sources */,
				F48E6FB4255886EC00104962 /* AthleteCalendarViewController.swift in Sources */,
				F48E6FB82558873F00104962 /* CoachNotifViewController.swift in Sources */,
				F40093E9259A547000D24696 /* CoachTrainingCell.swift in Sources */,
				F48E6FB2255886B900104962 /* CoachCalendarViewController.swift in Sources */,
			);
			runOnlyForDeploymentPostprocessing = 0;
		};
/* End PBXSourcesBuildPhase section */

/* Begin PBXVariantGroup section */
		F45BE79D2550513500F6DB88 /* Main.storyboard */ = {
			isa = PBXVariantGroup;
			children = (
				F45BE79E2550513500F6DB88 /* Base */,
			);
			name = Main.storyboard;
			sourceTree = "<group>";
		};
		F45BE7A22550514300F6DB88 /* LaunchScreen.storyboard */ = {
			isa = PBXVariantGroup;
			children = (
				F45BE7A32550514300F6DB88 /* Base */,
			);
			name = LaunchScreen.storyboard;
			sourceTree = "<group>";
		};
/* End PBXVariantGroup section */

/* Begin XCBuildConfiguration section */
		F45BE7A62550514300F6DB88 /* Debug */ = {
			isa = XCBuildConfiguration;
			buildSettings = {
				ALWAYS_SEARCH_USER_PATHS = NO;
				CLANG_ANALYZER_NONNULL = YES;
				CLANG_ANALYZER_NUMBER_OBJECT_CONVERSION = YES_AGGRESSIVE;
				CLANG_CXX_LANGUAGE_STANDARD = "gnu++14";
				CLANG_CXX_LIBRARY = "libc++";
				CLANG_ENABLE_MODULES = YES;
				CLANG_ENABLE_OBJC_ARC = YES;
				CLANG_ENABLE_OBJC_WEAK = YES;
				CLANG_WARN_BLOCK_CAPTURE_AUTORELEASING = YES;
				CLANG_WARN_BOOL_CONVERSION = YES;
				CLANG_WARN_COMMA = YES;
				CLANG_WARN_CONSTANT_CONVERSION = YES;
				CLANG_WARN_DEPRECATED_OBJC_IMPLEMENTATIONS = YES;
				CLANG_WARN_DIRECT_OBJC_ISA_USAGE = YES_ERROR;
				CLANG_WARN_DOCUMENTATION_COMMENTS = YES;
				CLANG_WARN_EMPTY_BODY = YES;
				CLANG_WARN_ENUM_CONVERSION = YES;
				CLANG_WARN_INFINITE_RECURSION = YES;
				CLANG_WARN_INT_CONVERSION = YES;
				CLANG_WARN_NON_LITERAL_NULL_CONVERSION = YES;
				CLANG_WARN_OBJC_IMPLICIT_RETAIN_SELF = YES;
				CLANG_WARN_OBJC_LITERAL_CONVERSION = YES;
				CLANG_WARN_OBJC_ROOT_CLASS = YES_ERROR;
				CLANG_WARN_RANGE_LOOP_ANALYSIS = YES;
				CLANG_WARN_STRICT_PROTOTYPES = YES;
				CLANG_WARN_SUSPICIOUS_MOVE = YES;
				CLANG_WARN_UNGUARDED_AVAILABILITY = YES_AGGRESSIVE;
				CLANG_WARN_UNREACHABLE_CODE = YES;
				CLANG_WARN__DUPLICATE_METHOD_MATCH = YES;
				COPY_PHASE_STRIP = NO;
				DEBUG_INFORMATION_FORMAT = dwarf;
				ENABLE_STRICT_OBJC_MSGSEND = YES;
				ENABLE_TESTABILITY = YES;
				GCC_C_LANGUAGE_STANDARD = gnu11;
				GCC_DYNAMIC_NO_PIC = NO;
				GCC_NO_COMMON_BLOCKS = YES;
				GCC_OPTIMIZATION_LEVEL = 0;
				GCC_PREPROCESSOR_DEFINITIONS = (
					"DEBUG=1",
					"$(inherited)",
				);
				GCC_WARN_64_TO_32_BIT_CONVERSION = YES;
				GCC_WARN_ABOUT_RETURN_TYPE = YES_ERROR;
				GCC_WARN_UNDECLARED_SELECTOR = YES;
				GCC_WARN_UNINITIALIZED_AUTOS = YES_AGGRESSIVE;
				GCC_WARN_UNUSED_FUNCTION = YES;
				GCC_WARN_UNUSED_VARIABLE = YES;
				IPHONEOS_DEPLOYMENT_TARGET = 13.7;
				MTL_ENABLE_DEBUG_INFO = INCLUDE_SOURCE;
				MTL_FAST_MATH = YES;
				ONLY_ACTIVE_ARCH = YES;
				SDKROOT = iphoneos;
				SWIFT_ACTIVE_COMPILATION_CONDITIONS = DEBUG;
				SWIFT_OPTIMIZATION_LEVEL = "-Onone";
			};
			name = Debug;
		};
		F45BE7A72550514300F6DB88 /* Release */ = {
			isa = XCBuildConfiguration;
			buildSettings = {
				ALWAYS_SEARCH_USER_PATHS = NO;
				CLANG_ANALYZER_NONNULL = YES;
				CLANG_ANALYZER_NUMBER_OBJECT_CONVERSION = YES_AGGRESSIVE;
				CLANG_CXX_LANGUAGE_STANDARD = "gnu++14";
				CLANG_CXX_LIBRARY = "libc++";
				CLANG_ENABLE_MODULES = YES;
				CLANG_ENABLE_OBJC_ARC = YES;
				CLANG_ENABLE_OBJC_WEAK = YES;
				CLANG_WARN_BLOCK_CAPTURE_AUTORELEASING = YES;
				CLANG_WARN_BOOL_CONVERSION = YES;
				CLANG_WARN_COMMA = YES;
				CLANG_WARN_CONSTANT_CONVERSION = YES;
				CLANG_WARN_DEPRECATED_OBJC_IMPLEMENTATIONS = YES;
				CLANG_WARN_DIRECT_OBJC_ISA_USAGE = YES_ERROR;
				CLANG_WARN_DOCUMENTATION_COMMENTS = YES;
				CLANG_WARN_EMPTY_BODY = YES;
				CLANG_WARN_ENUM_CONVERSION = YES;
				CLANG_WARN_INFINITE_RECURSION = YES;
				CLANG_WARN_INT_CONVERSION = YES;
				CLANG_WARN_NON_LITERAL_NULL_CONVERSION = YES;
				CLANG_WARN_OBJC_IMPLICIT_RETAIN_SELF = YES;
				CLANG_WARN_OBJC_LITERAL_CONVERSION = YES;
				CLANG_WARN_OBJC_ROOT_CLASS = YES_ERROR;
				CLANG_WARN_RANGE_LOOP_ANALYSIS = YES;
				CLANG_WARN_STRICT_PROTOTYPES = YES;
				CLANG_WARN_SUSPICIOUS_MOVE = YES;
				CLANG_WARN_UNGUARDED_AVAILABILITY = YES_AGGRESSIVE;
				CLANG_WARN_UNREACHABLE_CODE = YES;
				CLANG_WARN__DUPLICATE_METHOD_MATCH = YES;
				COPY_PHASE_STRIP = NO;
				DEBUG_INFORMATION_FORMAT = "dwarf-with-dsym";
				ENABLE_NS_ASSERTIONS = NO;
				ENABLE_STRICT_OBJC_MSGSEND = YES;
				GCC_C_LANGUAGE_STANDARD = gnu11;
				GCC_NO_COMMON_BLOCKS = YES;
				GCC_WARN_64_TO_32_BIT_CONVERSION = YES;
				GCC_WARN_ABOUT_RETURN_TYPE = YES_ERROR;
				GCC_WARN_UNDECLARED_SELECTOR = YES;
				GCC_WARN_UNINITIALIZED_AUTOS = YES_AGGRESSIVE;
				GCC_WARN_UNUSED_FUNCTION = YES;
				GCC_WARN_UNUSED_VARIABLE = YES;
				IPHONEOS_DEPLOYMENT_TARGET = 13.7;
				MTL_ENABLE_DEBUG_INFO = NO;
				MTL_FAST_MATH = YES;
				SDKROOT = iphoneos;
				SWIFT_COMPILATION_MODE = wholemodule;
				SWIFT_OPTIMIZATION_LEVEL = "-O";
				VALIDATE_PRODUCT = YES;
			};
			name = Release;
		};
		F45BE7A92550514300F6DB88 /* Debug */ = {
			isa = XCBuildConfiguration;
			baseConfigurationReference = B2E1EE7AC91079551BB1C45F /* Pods-CalendarApp.debug.xcconfig */;
			buildSettings = {
				ASSETCATALOG_COMPILER_APPICON_NAME = AppIcon;
				CODE_SIGN_STYLE = Automatic;
				DEVELOPMENT_TEAM = 9W636AZ5QY;
				INFOPLIST_FILE = CalendarApp/Info.plist;
				LD_RUNPATH_SEARCH_PATHS = (
					"$(inherited)",
					"@executable_path/Frameworks",
				);
				PRODUCT_BUNDLE_IDENTIFIER = krupowies.CalendarApp;
				PRODUCT_NAME = "$(TARGET_NAME)";
				SWIFT_VERSION = 5.0;
				TARGETED_DEVICE_FAMILY = "1,2";
			};
			name = Debug;
		};
		F45BE7AA2550514300F6DB88 /* Release */ = {
			isa = XCBuildConfiguration;
			baseConfigurationReference = B5878091F148972D8CFDBB2F /* Pods-CalendarApp.release.xcconfig */;
			buildSettings = {
				ASSETCATALOG_COMPILER_APPICON_NAME = AppIcon;
				CODE_SIGN_STYLE = Automatic;
				DEVELOPMENT_TEAM = 9W636AZ5QY;
				INFOPLIST_FILE = CalendarApp/Info.plist;
				LD_RUNPATH_SEARCH_PATHS = (
					"$(inherited)",
					"@executable_path/Frameworks",
				);
				PRODUCT_BUNDLE_IDENTIFIER = krupowies.CalendarApp;
				PRODUCT_NAME = "$(TARGET_NAME)";
				SWIFT_VERSION = 5.0;
				TARGETED_DEVICE_FAMILY = "1,2";
			};
			name = Release;
		};
/* End XCBuildConfiguration section */

/* Begin XCConfigurationList section */
		F45BE78F2550513500F6DB88 /* Build configuration list for PBXProject "CalendarApp" */ = {
			isa = XCConfigurationList;
			buildConfigurations = (
				F45BE7A62550514300F6DB88 /* Debug */,
				F45BE7A72550514300F6DB88 /* Release */,
			);
			defaultConfigurationIsVisible = 0;
			defaultConfigurationName = Release;
		};
		F45BE7A82550514300F6DB88 /* Build configuration list for PBXNativeTarget "CalendarApp" */ = {
			isa = XCConfigurationList;
			buildConfigurations = (
				F45BE7A92550514300F6DB88 /* Debug */,
				F45BE7AA2550514300F6DB88 /* Release */,
			);
			defaultConfigurationIsVisible = 0;
			defaultConfigurationName = Release;
		};
/* End XCConfigurationList section */
	};
	rootObject = F45BE78C2550513500F6DB88 /* Project object */;
}
